{
  "name": "expressive-middleware",
  "version": "1.0.0",
  "lockfileVersion": 1,
  "requires": true,
  "dependencies": {
    "esprima": {
      "version": "4.0.0",
      "resolved": "https://registry.npmjs.org/esprima/-/esprima-4.0.0.tgz",
      "integrity": "sha512-oftTcaMu/EGrEIu904mWteKIv8vMuOgGYo7EhVJJN00R/EED9DCua/xxHRdYnKtcECzVg7xOWhflvJMnqcFZjw=="
    },
    "expressive-parser": {
      "version": "git+https://github.com/bugs181/expressive-parser.git#e4f0e5c5420a877b9977fd42cb3b3ef3b39979b7",
      "from": "git+https://github.com/bugs181/expressive-parser.git",
      "requires": {
        "esprima": "^4.0.0"
      }
    }
  }
}
