{
  "name": "expressive-middleware",
  "version": "1.0.0",
  "lockfileVersion": 1,
  "requires": true,
  "dependencies": {
    "esprima": {
      "version": "4.0.0",
      "resolved": "https://registry.npmjs.org/esprima/-/esprima-4.0.0.tgz",
      "integrity": "sha512-oftTcaMu/EGrEIu904mWteKIv8vMuOgGYo7EhVJJN00R/EED9DCua/xxHRdYnKtcECzVg7xOWhflvJMnqcFZjw=="
    },
    "expressive-parser": {
      "version": "git+https://github.com/bugs181/expressive-parser.git#6b32b93209fad4187e9ea0fbd527dd4a8ff6eea3",
      "from": "git+https://github.com/bugs181/expressive-parser.git",
      "requires": {
        "esprima": "^4.0.0"
      }
    },
    "flat": {
      "version": "4.1.0",
      "resolved": "https://registry.npmjs.org/flat/-/flat-4.1.0.tgz",
      "integrity": "sha512-Px/TiLIznH7gEDlPXcUD4KnBusa6kR6ayRUVcnEAbreRIuhkqow/mun59BuRXwoYk7ZQOLW1ZM05ilIvK38hFw==",
      "requires": {
        "is-buffer": "~2.0.3"
      }
    },
    "is-buffer": {
      "version": "2.0.3",
      "resolved": "https://registry.npmjs.org/is-buffer/-/is-buffer-2.0.3.tgz",
      "integrity": "sha512-U15Q7MXTuZlrbymiz95PJpZxu8IlipAp4dtS3wOdgPXx3mqBnslrWU14kxfHB+Py/+2PVKSr37dMAgM2A4uArw=="
    }
  }
}
